cel.dev/expr v0.24.0 h1:56OvJKSH3hDGL0ml5uSxZmz3/3Pq4tJ+fb1unVLAFcY=
cel.dev/expr v0.24.0/go.mod h1:hLPLo1W4QUmuYdA72RBX06QTs6MXw941piREPl3Yfiw=
cloud.google.com/go v0.121.6 h1:waZiuajrI28iAf40cWgycWNgaXPO06dupuS+sgibK6c=
cloud.google.com/go v0.121.6/go.mod h1:coChdst4Ea5vUpiALcYKXEpR1S9ZgXbhEzzMcMR66vI=
cloud.google.com/go/auth v0.18.0 h1:wnqy5hrv7p3k7cShwAU/Br3nzod7fxoqG+k0VZ+/Pk0=
cloud.google.com/go/auth v0.18.0/go.mod h1:wwkPM1AgE1f2u6dG443MiWoD8C3BtOywNsUMcUTVDRo=
cloud.google.com/go/auth/oauth2adapt v0.2.8 h1:keo8NaayQZ6wimpNSmW5OPc283g65QNIiLpZnkHRbnc=
cloud.google.com/go/auth/oauth2adapt v0.2.8/go.mod h1:XQ9y31RkqZCcwJWNSx2Xvric3RrU88hAYYbjDWYDL+c=
cloud.google.com/go/bigquery v1.72.0 h1:D/yLju+3Ens2IXx7ou1DJ62juBm+/coBInn4VVOg5Cw=
cloud.google.com/go/bigquery v1.72.0/go.mod h1:GUbRtmeCckOE85endLherHD9RsujY+gS7i++c1CqssQ=
cloud.google.com/go/compute/metadata v0.9.0 h1:pDUj4QMoPejqq20dK0Pg2N4yG9zIkYGdBtwLoEkH9Zs=
cloud.google.com/go/compute/metadata v0.9.0/go.mod h1:E0bWwX5wTnLPedCKqk3pJmVgCBSM6qQI1yTBdEb3C10=
cloud.google.com/go/datacatalog v1.26.1 h1:bCRKA8uSQN8wGW3Tw0gwko4E9a64GRmbW1nCblhgC2k=
cloud.google.com/go/datacatalog v1.26.1/go.mod h1:2Qcq8vsHNxMDgjgadRFmFG47Y+uuIVsyEGUrlrKEdrg=
cloud.google.com/go/iam v1.5.3 h1:+vMINPiDF2ognBJ97ABAYYwRgsaqxPbQDlMnbHMjolc=
cloud.google.com/go/iam v1.5.3/go.mod h1:MR3v9oLkZCTlaqljW6Eb2d3HGDGK5/bDv93jhfISFvU=
cloud.google.com/go/longrunning v0.7.0 h1:FV0+SYF1RIj59gyoWDRi45GiYUMM3K1qO51qoboQT1E=
cloud.google.com/go/longrunning v0.7.0/go.mod h1:ySn2yXmjbK9Ba0zsQqunhDkYi0+9rlXIwnoAf+h+TPY=
cloud.google.com/go/monitoring v1.24.3 h1:dde+gMNc0UhPZD1Azu6at2e79bfdztVDS5lvhOdsgaE=
cloud.google.com/go/monitoring v1.24.3/go.mod h1:nYP6W0tm3N9H/bOw8am7t62YTzZY+zUeQ+Bi6+2eonI=
cloud.google.com/go/storage v1.56.0 h1:iixmq2Fse2tqxMbWhLWC9HfBj1qdxqAmiK8/eqtsLxI=
cloud.google.com/go/storage v1.56.0/go.mod h1:Tpuj6t4NweCLzlNbw9Z9iwxEkrSem20AetIeH/shgVU=
github.com/Azure/azure-sdk-for-go/sdk/azcore v1.20.0 h1:JXg2dwJUmPB9JmtVmdEB16APJ7jurfbY5jnfXpJoRMc=
github.com/Azure/azure-sdk-for-go/sdk/azcore v1.20.0/go.mod h1:YD5h/ldMsG0XiIw7PdyNhLxaM317eFh5yNLccNfGdyw=
github.com/Azure/azure-sdk-for-go/sdk/azidentity v1.13.1 h1:Hk5QBxZQC1jb2Fwj6mpzme37xbCDdNTxU7O9eb5+LB4=
github.com/Azure/azure-sdk-for-go/sdk/azidentity v1.13.1/go.mod h1:IYus9qsFobWIc2YVwe/WPjcnyCkPKtnHAqUYeebc8z0=
github.com/Azure/azure-sdk-for-go/sdk/azidentity/cache v0.3.2 h1:yz1bePFlP5Vws5+8ez6T3HWXPmwOK7Yvq8QxDBD3SKY=
github.com/Azure/azure-sdk-for-go/sdk/azidentity/cache v0.3.2/go.mod h1:Pa9ZNPuoNu/GztvBSKk9J1cDJW6vk/n0zLtV4mgd8N8=
github.com/Azure/azure-sdk-for-go/sdk/internal v1.11.2 h1:9iefClla7iYpfYWdzPCRDozdmndjTm8DXdpCzPajMgA=
github.com/Azure/azure-sdk-for-go/sdk/internal v1.11.2/go.mod h1:XtLgD3ZD34DAaVIIAyG3objl5DynM3CQ/vMcbBNJZGI=
github.com/Azure/azure-sdk-for-go/sdk/resourcemanager/compute/armcompute/v5 v5.7.0 h1:LkHbJbgF3YyvC53aqYGR+wWQDn2Rdp9AQdGndf9QvY4=
github.com/Azure/azure-sdk-for-go/sdk/resourcemanager/compute/armcompute/v5 v5.7.0/go.mod h1:QyiQdW4f4/BIfB8ZutZ2s+28RAgfa/pT+zS++ZHyM1I=
github.com/Azure/azure-sdk-for-go/sdk/resourcemanager/costmanagement/armcostmanagement v1.1.1 h1:ehSLdbLah6kk6HTVc6e/lrbmbz7MMbpNxkOd3OYlhB0=
github.com/Azure/azure-sdk-for-go/sdk/resourcemanager/costmanagement/armcostmanagement v1.1.1/go.mod h1:Am1cUioOk0HdZIsjpXJkQ4RIeQbwYsW6LkNIc5z/5XY=
github.com/Azure/azure-sdk-for-go/sdk/resourcemanager/internal/v2 v2.0.0 h1:PTFGRSlMKCQelWwxUyYVEUqseBJVemLyqWJjvMyt0do=
github.com/Azure/azure-sdk-for-go/sdk/resourcemanager/internal/v2 v2.0.0/go.mod h1:LRr2FzBTQlONPPa5HREE5+RjSCTXl7BwOvYOaWTqCaI=
github.com/Azure/azure-sdk-for-go/sdk/resourcemanager/internal/v3 v3.0.0 h1:Kb8eVvjdP6kZqYnER5w/PiGCFp91yVgaxve3d7kCEpY=
github.com/Azure/azure-sdk-for-go/sdk/resourcemanager/internal/v3 v3.0.0/go.mod h1:lYq15QkJyEsNegz5EhI/0SXQ6spvGfgwBH/Qyzkoc/s=
github.com/Azure/azure-sdk-for-go/sdk/resourcemanager/network/armnetwork/v5 v5.2.0 h1:qBlqTo40ARdI7Pmq+enBiTnejZk2BF+PHgktgG8k3r8=
github.com/Azure/azure-sdk-for-go/sdk/resourcemanager/network/armnetwork/v5 v5.2.0/go.mod h1:UmyOatRyQodVpp55Jr5WJmnkmVW4wKfo85uHFmMEjfM=
github.com/Azure/azure-sdk-for-go/sdk/resourcemanager/reservations/armreservations v1.1.0 h1:0OO/3K+SKt45gXiOU4gHRILOLeNOUZdqeNO47Mq6iN8=
github.com/Azure/azure-sdk-for-go/sdk/resourcemanager/reservations/armreservations v1.1.0/go.mod h1:2FDnHkGwh1BFK1ZQt+iDJU47Cg9Y28F0W3FSI389NOA=
github.com/Azure/azure-sdk-for-go/sdk/resourcemanager/resources/armresources v1.2.0 h1:Dd+RhdJn0OTtVGaeDLZpcumkIVCtA/3/Fo42+eoYvVM=
github.com/Azure/azure-sdk-for-go/sdk/resourcemanager/resources/armresources v1.2.0/go.mod h1:5kakwfW5CjC9KK+Q4wjXAg+ShuIm2mBMua0ZFj2C8PE=
github.com/Azure/azure-sdk-for-go/sdk/resourcemanager/resources/armsubscriptions v1.3.0 h1:wxQx2Bt4xzPIKvW59WQf1tJNx/ZZKPfN+EhPX3Z6CYY=
github.com/Azure/azure-sdk-for-go/sdk/resourcemanager/resources/armsubscriptions v1.3.0/go.mod h1:TpiwjwnW/khS0LKs4vW5UmmT9OWcxaveS8U7+tlknzo=
github.com/AzureAD/microsoft-authentication-extensions-for-go/cache v0.1.1 h1:WJTmL004Abzc5wDB5VtZG2PJk5ndYDgVacGqfirKxjM=
github.com/AzureAD/microsoft-authentication-extensions-for-go/cache v0.1.1/go.mod h1:tCcJZ0uHAmvjsVYzEFivsRTN00oz5BEsRgQHu5JZ9WE=
github.com/AzureAD/microsoft-authentication-library-for-go v1.6.0 h1:XRzhVemXdgvJqCH0sFfrBUTnUJSBrBf7++ypk+twtRs=
github.com/AzureAD/microsoft-authentication-library-for-go v1.6.0/go.mod h1:HKpQxkWaGLJ+D/5H8QRpyQXA1eKjxkFlOMwck5+33Jk=
github.com/GoogleCloudPlatform/opentelemetry-operations-go/detectors/gcp v1.30.0 h1:sBEjpZlNHzK1voKq9695PJSX2o5NEXl7/OL3coiIY0c=
github.com/GoogleCloudPlatform/opentelemetry-operations-go/detectors/gcp v1.30.0/go.mod h1:P4WPRUkOhJC13W//jWpyfJNDAIpvRbAUIYLX/4jtlE0=
github.com/GoogleCloudPlatform/opentelemetry-operations-go/exporter/metric v0.53.0 h1:owcC2UnmsZycprQ5RfRgjydWhuoxg71LUfyiQdijZuM=
github.com/GoogleCloudPlatform/opentelemetry-operations-go/exporter/metric v0.53.0/go.mod h1:ZPpqegjbE99EPKsu3iUWV22A04wzGPcAY/ziSIQEEgs=
github.com/GoogleCloudPlatform/opentelemetry-operations-go/internal/resourcemapping v0.53.0 h1:Ron4zCA/yk6U7WOBXhTJcDpsUBG9npumK6xw2auFltQ=
github.com/GoogleCloudPlatform/opentelemetry-operations-go/internal/resourcemapping v0.53.0/go.mod h1:cSgYe11MCNYunTnRXrKiR/tHc0eoKjICUuWpNZoVCOo=
github.com/NimbleMarkets/ntcharts v0.3.1 h1:EH4O80RMy5rqDmZM7aWjTbCSuRDDJ5fXOv/qAzdwOjk=
github.com/NimbleMarkets/ntcharts v0.3.1/go.mod h1:zVeRqYkh2n59YPe1bflaSL4O2aD2ZemNmrbdEqZ70hk=
github.com/apache/arrow/go/v15 v15.0.2 h1:60IliRbiyTWCWjERBCkO1W4Qun9svcYoZrSLcyOsMLE=
github.com/apache/arrow/go/v15 v15.0.2/go.mod h1:DGXsR3ajT524njufqf95822i+KTh+yea1jass9YXgjA=
github.com/aws/aws-sdk-go-v2 v1.41.1 h1:ABlyEARCDLN034NhxlRUSZr4l71mh+T5KAeGh6cerhU=
github.com/aws/aws-sdk-go-v2 v1.41.1/go.mod h1:MayyLB8y+buD9hZqkCW3kX1AKq07Y5pXxtgB+rRFhz0=
github.com/aws/aws-sdk-go-v2/config v1.31.6 h1:a1t8fXY4GT4xjyJExz4knbuoxSCacB5hT/WgtfPyLjo=
github.com/aws/aws-sdk-go-v2/config v1.31.6/go.mod h1:5ByscNi7R+ztvOGzeUaIu49vkMk2soq5NaH5PYe33MQ=
github.com/aws/aws-sdk-go-v2/credentials v1.18.10 h1:xdJnXCouCx8Y0NncgoptztUocIYLKeQxrCgN6x9sdhg=
github.com/aws/aws-sdk-go-v2/credentials v1.18.10/go.mod h1:7tQk08ntj914F/5i9jC4+2HQTAuJirq7m1vZVIhEkWs=
github.com/aws/aws-sdk-go-v2/feature/ec2/imds v1.18.6 h1:wbjnrrMnKew78/juW7I2BtKQwa1qlf6EjQgS69uYY14=
github.com/aws/aws-sdk-go-v2/feature/ec2/imds v1.18.6/go.mod h1:AtiqqNrDioJXuUgz3+3T0mBWN7Hro2n9wll2zRUc0ww=
github.com/aws/aws-sdk-go-v2/internal/configsources v1.4.17 h1:xOLELNKGp2vsiteLsvLPwxC+mYmO6OZ8PYgiuPJzF8U=
github.com/aws/aws-sdk-go-v2/internal/configsources v1.4.17/go.mod h1:5M5CI3D12dNOtH3/mk6minaRwI2/37ifCURZISxA/IQ=
github.com/aws/aws-sdk-go-v2/internal/endpoints/v2 v2.7.17 h1:WWLqlh79iO48yLkj1v3ISRNiv+3KdQoZ6JWyfcsyQik=
github.com/aws/aws-sdk-go-v2/internal/endpoints/v2 v2.7.17/go.mod h1:EhG22vHRrvF8oXSTYStZhJc1aUgKtnJe+aOiFEV90cM=
github.com/aws/aws-sdk-go-v2/internal/ini v1.8.3 h1:bIqFDwgGXXN1Kpp99pDOdKMTTb5d2KyU5X/BZxjOkRo=
github.com/aws/aws-sdk-go-v2/internal/ini v1.8.3/go.mod h1:H5O/EsxDWyU+LP/V8i5sm8cxoZgc2fdNR9bxlOFrQTo=
github.com/aws/aws-sdk-go-v2/service/costexplorer v1.55.3 h1:wIxOLILQ3fjaY/A6PWfmQYaJGcmimUt6C1VJObyVL7U=
github.com/aws/aws-sdk-go-v2/service/costexplorer v1.55.3/go.mod h1:BbguYlNx01GCK33JAkLy/Z+fwmaA8rXW2JRxqE2L7XQ=
github.com/aws/aws-sdk-go-v2/service/ec2 v1.279.0 h1:o7eJKe6VYAnqERPlLAvDW5VKXV6eTKv1oxTpMoDP378=
github.com/aws/aws-sdk-go-v2/service/ec2 v1.279.0/go.mod h1:Wg68QRgy2gEGGdmTPU/UbVpdv8sM14bUZmF64KFwAsY=
github.com/aws/aws-sdk-go-v2/service/elasticloadbalancingv2 v1.54.6 h1:fQR1aeZKaiPkNPya0JMy2nhsoqoSgIWc3/QTiTiL1K0=
github.com/aws/aws-sdk-go-v2/service/elasticloadbalancingv2 v1.54.6/go.mod h1:oJRLDix51wqBDlP9dv+blFkvvf7HESolQz5cdhdmV4A=
github.com/aws/aws-sdk-go-v2/service/internal/accept-encoding v1.13.4 h1:0ryTNEdJbzUCEWkVXEXoqlXV72J5keC1GvILMOuD00E=
github.com/aws/aws-sdk-go-v2/service/internal/accept-encoding v1.13.4/go.mod h1:HQ4qwNZh32C3CBeO6iJLQlgtMzqeG17ziAA/3KDJFow=
github.com/aws/aws-sdk-go-v2/service/internal/presigned-url v1.13.16 h1:oHjJHeUy0ImIV0bsrX0X91GkV5nJAyv1l1CC9lnO0TI=
github.com/aws/aws-sdk-go-v2/service/internal/presigned-url v1.13.16/go.mod h1:iRSNGgOYmiYwSCXxXaKb9HfOEj40+oTKn8pTxMlYkRM=
github.com/aws/aws-sdk-go-v2/service/sso v1.29.1 h1:8OLZnVJPvjnrxEwHFg9hVUof/P4sibH+Ea4KKuqAGSg=
github.com/aws/aws-sdk-go-v2/service/sso v1.29.1/go.mod h1:27M3BpVi0C02UiQh1w9nsBEit6pLhlaH3NHna6WUbDE=
github.com/aws/aws-sdk-go-v2/service/ssooidc v1.34.2 h1:gKWSTnqudpo8dAxqBqZnDoDWCiEh/40FziUjr/mo6uA=
github.com/aws/aws-sdk-go-v2/service/ssooidc v1.34.2/go.mod h1:x7+rkNmRoEN1U13A6JE2fXne9EWyJy54o3n6d4mGaXQ=
github.com/aws/aws-sdk-go-v2/service/sts v1.38.2 h1:YZPjhyaGzhDQEvsffDEcpycq49nl7fiGcfJTIo8BszI=
github.com/aws/aws-sdk-go-v2/service/sts v1.38.2/go.mod h1:2dIN8qhQfv37BdUYGgEC8Q3tteM3zFxTI1MLO2O3J3c=
github.com/aws/smithy-go v1.24.0 h1:LpilSUItNPFr1eY85RYgTIg5eIEPtvFbskaFcmmIUnk=
github.com/aws/smithy-go v1.24.0/go.mod h1:LEj2LM3rBRQJxPZTB4KuzZkaZYnZPnvgIhb4pu07mx0=
github.com/aymanbagabas/go-osc52/v2 v2.0.1 h1:HwpRHbFMcZLEVr42D4p7XBqjyuxQH5SMiErDT4WkJ2k=
github.com/aymanbagabas/go-osc52/v2 v2.0.1/go.mod h1:uYgXzlJ7ZpABp8OJ+exZzJJhRNQ2ASbcXHWsFqH8hp8=
github.com/bahlo/generic-list-go v0.2.0 h1:5sz/EEAK+ls5wF+NeqDpk5+iNdMDXrh3z3nPnH1Wvgk=
github.com/bahlo/generic-list-go v0.2.0/go.mod h1:2KvAjgMlE5NNynlg/5iLrrCCZ2+5xWbdbCW3pNTGyYg=
github.com/briandowns/spinner v1.23.2 h1:Zc6ecUnI+YzLmJniCfDNaMbW0Wid1d5+qcTq4L2FW8w=
github.com/briandowns/spinner v1.23.2/go.mod h1:LaZeM4wm2Ywy6vO571mvhQNRcWfRUnXOs0RcKV0wYKM=
github.com/buger/jsonparser v1.1.1 h1:2PnMjfWD7wBILjqQbt530v576A/cAbQvEW9gGIpYMUs=
github.com/buger/jsonparser v1.1.1/go.mod h1:6RYKKt7H4d4+iWqouImQ9R2FZql3VbhNgx27UK13J/0=
github.com/cespare/xxhash/v2 v2.3.0 h1:UL815xU9SqsFlibzuggzjXhog7bL6oX9BbNZnL2UFvs=
github.com/cespare/xxhash/v2 v2.3.0/go.mod h1:VGX0DQ3Q6kWi7AoAeZDth3/j3BFtOZR5XLFGgcrjCOs=
github.com/charmbracelet/bubbles v0.20.0 h1:jSZu6qD8cRQ6k9OMfR1WlM+ruM8fkPWkHvQWD9LIutE=
github.com/charmbracelet/bubbles v0.20.0/go.mod h1:39slydyswPy+uVOHZ5x/GjwVAFkCsV8IIVy+4MhzwwU=
github.com/charmbracelet/bubbletea v1.2.2 h1:EMz//Ky/aFS2uLcKqpCst5UOE6z5CFDGRsUpyXz0chs=
github.com/charmbracelet/bubbletea v1.2.2/go.mod h1:Qr6fVQw+wX7JkWWkVyXYk/ZUQ92a6XNekLXa3rR18MM=
github.com/charmbracelet/lipgloss v1.0.0 h1:O7VkGDvqEdGi93X+DeqsQ7PKHDgtQfF8j8/O2qFMQNg=
github.com/charmbracelet/lipgloss v1.0.0/go.mod h1:U5fy9Z+C38obMs+T+tJqst9VGzlOYGj4ri9reL3qUlo=
github.com/charmbracelet/x/ansi v0.4.5 h1:LqK4vwBNaXw2AyGIICa5/29Sbdq58GbGdFngSexTdRM=
github.com/charmbracelet/x/ansi v0.4.5/go.mod h1:dk73KoMTT5AX5BsX0KrqhsTqAnhZZoCBjs7dGWp4Ktw=
github.com/charmbracelet/x/term v0.2.1 h1:AQeHeLZ1OqSXhrAWpYUtZyX1T3zVxfpZuEQMIQaGIAQ=
github.com/charmbracelet/x/term v0.2.1/go.mod h1:oQ4enTYFV7QN4m0i9mzHrViD7TQKvNEEkHUMCmsxdUg=
github.com/cncf/xds/go v0.0.0-20251022180443-0feb69152e9f h1:Y8xYupdHxryycyPlc9Y+bSQAYZnetRJ70VMVKm5CKI0=
github.com/cncf/xds/go v0.0.0-20251022180443-0feb69152e9f/go.mod h1:HlzOvOjVBOfTGSRXRyY0OiCS/3J1akRGQQpRO/7zyF4=
github.com/common-nighthawk/go-figure v0.0.0-20210622060536-734e95fb86be h1:J5BL2kskAlV9ckgEsNQXscjIaLiOYiZ75d4e94E6dcQ=
github.com/common-nighthawk/go-figure v0.0.0-20210622060536-734e95fb86be/go.mod h1:mk5IQ+Y0ZeO87b858TlA645sVcEcbiX6YqP98kt+7+w=
github.com/davecgh/go-spew v1.1.1 h1:vj9j/u1bqnvCEfJOwUhtlOARqs3+rkHYY13jYWTU97c=
github.com/davecgh/go-spew v1.1.1/go.mod h1:J7Y8YcW2NihsgmVo/mv3lAwl/skON4iLHjSsI+c5H38=
github.com/envoyproxy/go-control-plane v0.13.5-0.20251024222203-75eaa193e329 h1:K+fnvUM0VZ7ZFJf0n4L/BRlnsb9pL/GuDG6FqaH+PwM=
github.com/envoyproxy/go-control-plane/envoy v1.35.0 h1:ixjkELDE+ru6idPxcHLj8LBVc2bFP7iBytj353BoHUo=
github.com/envoyproxy/go-control-plane/envoy v1.35.0/go.mod h1:09qwbGVuSWWAyN5t/b3iyVfz5+z8QWGrzkoqm/8SbEs=
github.com/envoyproxy/protoc-gen-validate v1.2.1 h1:DEo3O99U8j4hBFwbJfrz9VtgcDfUKS7KJ7spH3d86P8=
github.com/envoyproxy/protoc-gen-validate v1.2.1/go.mod h1:d/C80l/jxXLdfEIhX1W2TmLfsJ31lvEjwamM4DxlWXU=
github.com/erikgeiser/coninput v0.0.0-20211004153227-1c3628e74d0f h1:Y/CXytFA4m6baUTXGLOoWe4PQhGxaX0KpnayAqC48p4=
github.com/erikgeiser/coninput v0.0.0-20211004153227-1c3628e74d0f/go.mod h1:vw97MGsxSvLiUE2X8qFplwetxpGLQrlU1Q9AUEIzCaM=
github.com/fatih/color v1.15.0 h1:kOqh6YHBtK8aywxGerMG2Eq3H6Qgoqeo13Bk2Mv/nBs=
github.com/fatih/color v1.15.0/go.mod h1:0h5ZqXfHYED7Bhv2ZJamyIOUej9KtShiJESRwBDUSsw=
github.com/felixge/httpsnoop v1.0.4 h1:NFTV2Zj1bL4mc9sqWACXbQFVBBg2W3GPvqp8/ESS2Wg=
github.com/felixge/httpsnoop v1.0.4/go.mod h1:m8KPJKqk1gH5J9DgRY2ASl2lWCfGKXixSwevea8zH2U=
github.com/frankban/quicktest v1.14.6 h1:7Xjx+VpznH+oBnejlPUj8oUpdxnVs4f8XU8WnHkI4W8=
github.com/frankban/quicktest v1.14.6/go.mod h1:4ptaffx2x8+WTWXmUCuVU6aPUX1/Mz7zb5vbUoiM6w0=
github.com/go-jose/go-jose/v4 v4.1.3 h1:CVLmWDhDVRa6Mi/IgCgaopNosCaHz7zrMeF9MlZRkrs=
github.com/go-jose/go-jose/v4 v4.1.3/go.mod h1:x4oUasVrzR7071A4TnHLGSPpNOm2a21K9Kf04k1rs08=
github.com/go-logr/logr v1.2.2/go.mod h1:jdQByPbusPIv2/zmleS9BjJVeZ6kBagPoEUsqbVz/1A=
github.com/go-logr/logr v1.4.3 h1:CjnDlHq8ikf6E492q6eKboGOC0T8CDaOvkHCIg8idEI=
github.com/go-logr/logr v1.4.3/go.mod h1:9T104GzyrTigFIr8wt5mBrctHMim0Nb2HLGrmQ40KvY=
github.com/go-logr/stdr v1.2.2 h1:hSWxHoqTgW2S2qGc0LTAI563KZ5YKYRhT3MFKZMbjag=
github.com/go-logr/stdr v1.2.2/go.mod h1:mMo/vtBO5dYbehREoey6XUKy/eSumjCCveDpRre4VKE=
github.com/goccy/go-json v0.10.2 h1:CrxCmQqYDkv1z7lO7Wbh2HN93uovUHgrECaO5ZrCXAU=
github.com/goccy/go-json v0.10.2/go.mod h1:6MelG93GURQebXPDq3khkgXZkazVtN9CRI+MGFi0w8I=
github.com/golang-jwt/jwt/v5 v5.3.0 h1:pv4AsKCKKZuqlgs5sUmn4x8UlGa0kEVt/puTpKx9vvo=
github.com/golang-jwt/jwt/v5 v5.3.0/go.mod h1:fxCRLWMO43lRc8nhHWY6LGqRcf+1gQWArsqaEUEa5bE=
github.com/golang/protobuf v1.5.4 h1:i7eJL8qZTpSEXOPTxNKhASYpMn+8e5Q6AdndVa1dWek=
github.com/golang/protobuf v1.5.4/go.mod h1:lnTiLA8Wa4RWRcIUkrtSVa5nRhsEGBg48fD6rSs7xps=
github.com/google/flatbuffers v23.5.26+incompatible h1:M9dgRyhJemaM4Sw8+66GHBu8ioaQmyPLg1b8VwK5WJg=
github.com/google/flatbuffers v23.5.26+incompatible/go.mod h1:1AeVuKshWv4vARoZatz6mlQ0JxURH0Kv5+zNeJKJCa8=
github.com/google/go-cmp v0.7.0 h1:wk8382ETsv4JYUZwIsn6YpYiWiBsYLSJiTsyBybVuN8=
github.com/google/go-cmp v0.7.0/go.mod h1:pXiqmnSA92OHEEa9HXL2W4E7lf9JzCmGVUdgjX3N/iU=
github.com/google/martian/v3 v3.3.3 h1:DIhPTQrbPkgs2yJYdXU/eNACCG5DVQjySNRNlflZ9Fc=
github.com/google/martian/v3 v3.3.3/go.mod h1:iEPrYcgCF7jA9OtScMFQyAlZZ4YXTKEtJ1E6RWzmBA0=
github.com/google/s2a-go v0.1.9 h1:LGD7gtMgezd8a/Xak7mEWL0PjoTQFvpRudN895yqKW0=
github.com/google/s2a-go v0.1.9/go.mod h1:YA0Ei2ZQL3acow2O62kdp9UlnvMmU7kA6Eutn0dXayM=
github.com/google/uuid v1.6.0 h1:NIvaJDMOsjHA8n1jAhLSgzrAzy1Hgr+hNrb57e+94F0=
github.com/google/uuid v1.6.0/go.mod h1:TIyPZe4MgqvfeYDBFedMoGGpEw/LqOeaOT+nhxU+yHo=
github.com/googleapis/enterprise-certificate-proxy v0.3.9 h1:TOpi/QG8iDcZlkQlGlFUti/ZtyLkliXvHDcyUIMuFrU=
github.com/googleapis/enterprise-certificate-proxy v0.3.9/go.mod h1:MkHOF77EYAE7qfSuSS9PU6g4Nt4e11cnsDUowfwewLA=
github.com/googleapis/gax-go/v2 v2.16.0 h1:iHbQmKLLZrexmb0OSsNGTeSTS0HO4YvFOG8g5E4Zd0Y=
github.com/googleapis/gax-go/v2 v2.16.0/go.mod h1:o1vfQjjNZn4+dPnRdl/4ZD7S9414Y4xA+a/6Icj6l14=
github.com/invopop/jsonschema v0.13.0 h1:KvpoAJWEjR3uD9Kbm2HWJmqsEaHt8lBUpd0qHcIi21E=
github.com/invopop/jsonschema v0.13.0/go.mod h1:ffZ5Km5SWWRAIN6wbDXItl95euhFz2uON45H2qjYt+0=
github.com/jedib0t/go-pretty/v6 v6.6.8 h1:JnnzQeRz2bACBobIaa/r+nqjvws4yEhcmaZ4n1QzsEc=
github.com/jedib0t/go-pretty/v6 v6.6.8/go.mod h1:YwC5CE4fJ1HFUDeivSV1r//AmANFHyqczZk+U6BDALU=
github.com/josharian/intern v1.0.0/go.mod h1:5DoeVV0s6jJacbCEi61lwdGj/aVlrQvzHFFd8Hwg//Y=
github.com/keybase/go-keychain v0.0.1 h1:way+bWYa6lDppZoZcgMbYsvC7GxljxrskdNInRtuthU=
github.com/keybase/go-keychain v0.0.1/go.mod h1:PdEILRW3i9D8JcdM+FmY6RwkHGnhHxXwkPPMeUgOK1k=
github.com/klauspost/compress v1.16.7 h1:2mk3MPGNzKyxErAw8YaohYh69+pa4sIQSC0fPGCFR9I=
github.com/klauspost/compress v1.16.7/go.mod h1:ntbaceVETuRiXiv4DpjP66DpAtAGkEQskQzEyD//IeE=
github.com/klauspost/cpuid/v2 v2.2.5 h1:0E5MSMDEoAulmXNFquVs//DdoomxaoTY1kUhbc/qbZg=
github.com/klauspost/cpuid/v2 v2.2.5/go.mod h1:Lcz8mBdAVJIBVzewtcLocK12l3Y+JytZYpaMropDUws=
github.com/kr/pretty v0.3.1 h1:flRD4NNwYAUpkphVc1HcthR4KEIFJ65n8Mw5qdRn3LE=
github.com/kr/pretty v0.3.1/go.mod h1:hoEshYVHaxMs3cyo3Yncou5ZscifuDolrwPKZanG3xk=
github.com/kr/text v0.2.0 h1:5Nx0Ya0ZqY2ygV366QzturHI13Jq95ApcVaJBhpS+AY=
github.com/kr/text v0.2.0/go.mod h1:eLer722TekiGuMkidMxC/pM04lWEeraHUUmBw8l2grE=
github.com/kylelemons/godebug v1.1.0 h1:RPNrshWIDI6G2gRW9EHilWtl7Z6Sb1BR0xunSBf0SNc=
github.com/kylelemons/godebug v1.1.0/go.mod h1:9/0rRGxNHcop5bhtWyNeEfOS8JIWk580+fNqagV/RAw=
github.com/lrstanley/bubblezone v0.0.0-20240914071701-b48c55a5e78e h1:OLwZ8xVaeVrru0xyeuOX+fne0gQTFEGlzfNjipCbxlU=
github.com/lrstanley/bubblezone v0.0.0-20240914071701-b48c55a5e78e/go.mod h1:NQ34EGeu8FAYGBMDzwhfNJL8YQYoWZP5xYJPRDAwN3E=
github.com/lucasb-eyer/go-colorful v1.2.0 h1:1nnpGOrhyZZuNyfu1QjKiUICQ74+3FNCN69Aj6K7nkY=
github.com/lucasb-eyer/go-colorful v1.2.0/go.mod h1:R4dSotOR9KMtayYi1e77YzuveK+i7ruzyGqttikkLy0=
github.com/mailru/easyjson v0.7.7 h1:UGYAvKxe3sBsEDzO8ZeWOSlIQfWFlxbzLZe7hwFURr0=
github.com/mailru/easyjson v0.7.7/go.mod h1:xzfreul335JAWq5oZzymOObrkdz5UnU4kGfJJLY9Nlc=
github.com/mark3labs/mcp-go v0.44.0 h1:OlYfcVviAnwNN40QZUrrzU0QZjq3En7rCU5X09a/B7I=
github.com/mark3labs/mcp-go v0.44.0/go.mod h1:YnJfOL382MIWDx1kMY+2zsRHU/q78dBg9aFb8W6Thdw=
github.com/mattn/go-colorable v0.1.13 h1:fFA4WZxdEF4tXPZVKMLwD8oUnCTTo08duU7wxecdEvA=
github.com/mattn/go-colorable v0.1.13/go.mod h1:7S9/ev0klgBDR4GtXTXX8a3vIGJpMovkB8vQcUbaXHg=
github.com/mattn/go-isatty v0.0.16/go.mod h1:kYGgaQfpe5nmfYZH+SKPsOc2e4SrIfOl2e/yFXSvRLM=
github.com/mattn/go-isatty v0.0.20 h1:xfD0iDuEKnDkl03q4limB+vH+GxLEtL/jb4xVJSWWEY=
github.com/mattn/go-isatty v0.0.20/go.mod h1:W+V8PltTTMOvKvAeJH7IuucS94S2C6jfK/D7dTCTo3Y=
github.com/mattn/go-localereader v0.0.1 h1:ygSAOl7ZXTx4RdPYinUpg6W99U8jWvWi9Ye2JC/oIi4=
github.com/mattn/go-localereader v0.0.1/go.mod h1:8fBrzywKY7BI3czFoHkuzRoWE9C+EiG4R1k4Cjx5p88=
github.com/mattn/go-runewidth v0.0.16 h1:E5ScNMtiwvlvB5paMFdw9p4kSQzbXFikJ5SQO6TULQc=
github.com/mattn/go-runewidth v0.0.16/go.mod h1:Jdepj2loyihRzMpdS35Xk/zdY8IAYHsh153qUoGf23w=
github.com/muesli/ansi v0.0.0-20230316100256-276c6243b2f6 h1:ZK8zHtRHOkbHy6Mmr5D264iyp3TiX5OmNcI5cIARiQI=
github.com/muesli/ansi v0.0.0-20230316100256-276c6243b2f6/go.mod h1:CJlz5H+gyd6CUWT45Oy4q24RdLyn7Md9Vj2/ldJBSIo=
github.com/muesli/cancelreader v0.2.2 h1:3I4Kt4BQjOR54NavqnDogx/MIoWBFa0StPA8ELUXHmA=
github.com/muesli/cancelreader v0.2.2/go.mod h1:3XuTXfFS2VjM+HTLZY9Ak0l6eUKfijIfMUZ4EgX0QYo=
github.com/muesli/termenv v0.15.2 h1:GohcuySI0QmI3wN8Ok9PtKGkgkFIk7y6Vpb5PvrY+Wo=
github.com/muesli/termenv v0.15.2/go.mod h1:Epx+iuz8sNs7mNKhxzH4fWXGNpZwUaJKRS1noLXviQ8=
github.com/pierrec/lz4/v4 v4.1.18 h1:xaKrnTkyoqfh1YItXl56+6KJNVYWlEEPuAQW9xsplYQ=
github.com/pierrec/lz4/v4 v4.1.18/go.mod h1:gZWDp/Ze/IJXGXf23ltt2EXimqmTUXEy0GFuRQyBid4=
github.com/pkg/browser v0.0.0-20240102092130-5ac0b6a4141c h1:+mdjkGKdHQG3305AYmdv1U2eRNDiU2ErMBj1gwrq8eQ=
github.com/pkg/browser v0.0.0-20240102092130-5ac0b6a4141c/go.mod h1:7rwL4CYBLnjLxUqIJNnCWiEdr3bn6IUYi15bNlnbCCU=
github.com/planetscale/vtprotobuf v0.6.1-0.20240319094008-0393e58bdf10 h1:GFCKgmp0tecUJ0sJuv4pzYCqS9+RGSn52M3FUwPs+uo=
github.com/planetscale/vtprotobuf v0.6.1-0.20240319094008-0393e58bdf10/go.mod h1:t/avpk3KcrXxUnYOhZhMXJlSEyie6gQbtLq5NM3loB8=
github.com/pmezard/go-difflib v1.0.0 h1:4DBwDE0NGyQoBHbLQYPwSUPoCMWR5BEzIk/f1lZbAQM=
github.com/pmezard/go-difflib v1.0.0/go.mod h1:iKH77koFhYxTK1pcRnkKkqfTogsbg7gZNVY4sRDYZ/4=
github.com/rivo/uniseg v0.2.0/go.mod h1:J6wj4VEh+S6ZtnVlnTBMWIodfgj8LQOQFoIToxlJtxc=
github.com/rivo/uniseg v0.4.7 h1:WUdvkW8uEhrYfLC4ZzdpI2ztxP1I582+49Oc5Mq64VQ=
github.com/rivo/uniseg v0.4.7/go.mod h1:FN3SvrM+Zdj16jyLfmOkMNblXMcoc8DfTHruCPUcx88=
github.com/rogpeppe/go-internal v1.14.1 h1:UQB4HGPB6osV0SQTLymcB4TgvyWu6ZyliaW0tI/otEQ=
github.com/rogpeppe/go-internal v1.14.1/go.mod h1:MaRKkUm5W0goXpeCfT7UZI6fk/L7L7so1lCWt35ZSgc=
github.com/spf13/cast v1.7.1 h1:cuNEagBQEHWN1FnbGEjCXL2szYEXqfJPbP2HNUaca9Y=
github.com/spf13/cast v1.7.1/go.mod h1:ancEpBxwJDODSW/UG4rDrAqiKolqNNh2DX3mk86cAdo=
github.com/spiffe/go-spiffe/v2 v2.6.0 h1:l+DolpxNWYgruGQVV0xsfeya3CsC7m8iBzDnMpsbLuo=
github.com/spiffe/go-spiffe/v2 v2.6.0/go.mod h1:gm2SeUoMZEtpnzPNs2Csc0D/gX33k1xIx7lEzqblHEs=
github.com/stretchr/testify v1.11.1 h1:7s2iGBzp5EwR7/aIZr8ao5+dra3wiQyKjjFuvgVKu7U=
github.com/stretchr/testify v1.11.1/go.mod h1:wZwfW3scLgRK+23gO65QZefKpKQRnfz6sD981Nm4B6U=
github.com/wk8/go-ordered-map/v2 v2.1.8 h1:5h/BUHu93oj4gIdvHHHGsScSTMijfx5PeYkE/fJgbpc=
github.com/wk8/go-ordered-map/v2 v2.1.8/go.mod h1:5nJHM5DyteebpVlHnWMV0rPz6Zp7+xBAnxjb1X5vnTw=
github.com/yosida95/uritemplate/v3 v3.0.2 h1:Ed3Oyj9yrmi9087+NczuL5BwkIc4wvTb5zIM+UJPGz4=
github.com/yosida95/uritemplate/v3 v3.0.2/go.mod h1:ILOh0sOhIJR3+L/8afwt/kE++YT040gmv5BQTMR2HP4=
github.com/zeebo/assert v1.3.0 h1:g7C04CbJuIDKNPFHmsk4hwZDO5O+kntRxzaUoNXj+IQ=
github.com/zeebo/assert v1.3.0/go.mod h1:Pq9JiuJQpG8JLJdtkwrJESF0Foym2/D9XMU5ciN/wJ0=
github.com/zeebo/xxh3 v1.0.2 h1:xZmwmqxHZA8AI603jOQ0tMqmBr9lPeFwGg6d+xy9DC0=
github.com/zeebo/xxh3 v1.0.2/go.mod h1:5NWz9Sef7zIDm2JHfFlcQvNekmcEl9ekUZQQKCYaDcA=
go.opentelemetry.io/auto/sdk v1.2.1 h1:jXsnJ4Lmnqd11kwkBV2LgLoFMZKizbCi5fNZ/ipaZ64=
go.opentelemetry.io/auto/sdk v1.2.1/go.mod h1:KRTj+aOaElaLi+wW1kO/DZRXwkF4C5xPbEe3ZiIhN7Y=
go.opentelemetry.io/contrib/detectors/gcp v1.38.0 h1:ZoYbqX7OaA/TAikspPl3ozPI6iY6LiIY9I8cUfm+pJs=
go.opentelemetry.io/contrib/detectors/gcp v1.38.0/go.mod h1:SU+iU7nu5ud4oCb3LQOhIZ3nRLj6FNVrKgtflbaf2ts=
go.opentelemetry.io/contrib/instrumentation/google.golang.org/grpc/otelgrpc v0.61.0 h1:q4XOmH/0opmeuJtPsbFNivyl7bCt7yRBbeEm2sC/XtQ=
go.opentelemetry.io/contrib/instrumentation/google.golang.org/grpc/otelgrpc v0.61.0/go.mod h1:snMWehoOh2wsEwnvvwtDyFCxVeDAODenXHtn5vzrKjo=
go.opentelemetry.io/contrib/instrumentation/net/http/otelhttp v0.61.0 h1:F7Jx+6hwnZ41NSFTO5q4LYDtJRXBf2PD0rNBkeB/lus=
go.opentelemetry.io/contrib/instrumentation/net/http/otelhttp v0.61.0/go.mod h1:UHB22Z8QsdRDrnAtX4PntOl36ajSxcdUMt1sF7Y6E7Q=
go.opentelemetry.io/otel v1.38.0 h1:RkfdswUDRimDg0m2Az18RKOsnI8UDzppJAtj01/Ymk8=
go.opentelemetry.io/otel v1.38.0/go.mod h1:zcmtmQ1+YmQM9wrNsTGV/q/uyusom3P8RxwExxkZhjM=
go.opentelemetry.io/otel/metric v1.38.0 h1:Kl6lzIYGAh5M159u9NgiRkmoMKjvbsKtYRwgfrA6WpA=
go.opentelemetry.io/otel/metric v1.38.0/go.mod h1:kB5n/QoRM8YwmUahxvI3bO34eVtQf2i4utNVLr9gEmI=
go.opentelemetry.io/otel/sdk v1.38.0 h1:l48sr5YbNf2hpCUj/FoGhW9yDkl+Ma+LrVl8qaM5b+E=
go.opentelemetry.io/otel/sdk v1.38.0/go.mod h1:ghmNdGlVemJI3+ZB5iDEuk4bWA3GkTpW+DOoZMYBVVg=
go.opentelemetry.io/otel/sdk/metric v1.38.0 h1:aSH66iL0aZqo//xXzQLYozmWrXxyFkBJ6qT5wthqPoM=
go.opentelemetry.io/otel/sdk/metric v1.38.0/go.mod h1:dg9PBnW9XdQ1Hd6ZnRz689CbtrUp0wMMs9iPcgT9EZA=
go.opentelemetry.io/otel/trace v1.38.0 h1:Fxk5bKrDZJUH+AMyyIXGcFAPah0oRcT+LuNtJrmcNLE=
go.opentelemetry.io/otel/trace v1.38.0/go.mod h1:j1P9ivuFsTceSWe1oY+EeW3sc+Pp42sO++GHkg4wwhs=
golang.org/x/crypto v0.46.0 h1:cKRW/pmt1pKAfetfu+RCEvjvZkA9RimPbh7bhFjGVBU=
golang.org/x/crypto v0.46.0/go.mod h1:Evb/oLKmMraqjZ2iQTwDwvCtJkczlDuTmdJXoZVzqU0=
golang.org/x/exp v0.0.0-20240719175910-8a7402abbf56 h1:2dVuKD2vS7b0QIHQbpyTISPd0LeHDbnYEryqj5Q1ug8=
golang.org/x/exp v0.0.0-20240719175910-8a7402abbf56/go.mod h1:M4RDyNAINzryxdtnbRXRL/OHtkFuWGRjvuhBJpk2IlY=
golang.org/x/mod v0.30.0 h1:fDEXFVZ/fmCKProc/yAXXUijritrDzahmwwefnjoPFk=
golang.org/x/mod v0.30.0/go.mod h1:lAsf5O2EvJeSFMiBxXDki7sCgAxEUcZHXoXMKT4GJKc=
golang.org/x/net v0.48.0 h1:zyQRTTrjc33Lhh0fBgT/H3oZq9WuvRR5gPC70xpDiQU=
golang.org/x/net v0.48.0/go.mod h1:+ndRgGjkh8FGtu1w1FGbEC31if4VrNVMuKTgcAAnQRY=
golang.org/x/oauth2 v0.34.0 h1:hqK/t4AKgbqWkdkcAeI8XLmbK+4m4G5YeQRrmiotGlw=
golang.org/x/oauth2 v0.34.0/go.mod h1:lzm5WQJQwKZ3nwavOZ3IS5Aulzxi68dUSgRHujetwEA=
golang.org/x/sync v0.19.0 h1:vV+1eWNmZ5geRlYjzm2adRgW2/mcpevXNg50YZtPCE4=
golang.org/x/sync v0.19.0/go.mod h1:9KTHXmSnoGruLpwFjVSX0lNNA75CykiMECbovNTZqGI=
golang.org/x/sys v0.0.0-20210809222454-d867a43fc93e/go.mod h1:oPkhp1MJrh7nUepCBck5+mAzfO9JrbApNNgaTdGDITg=
golang.org/x/sys v0.0.0-20220811171246-fbc7d0a398ab/go.mod h1:oPkhp1MJrh7nUepCBck5+mAzfO9JrbApNNgaTdGDITg=
golang.org/x/sys v0.1.0/go.mod h1:oPkhp1MJrh7nUepCBck5+mAzfO9JrbApNNgaTdGDITg=
golang.org/x/sys v0.5.0/go.mod h1:oPkhp1MJrh7nUepCBck5+mAzfO9JrbApNNgaTdGDITg=
golang.org/x/sys v0.6.0/go.mod h1:oPkhp1MJrh7nUepCBck5+mAzfO9JrbApNNgaTdGDITg=
golang.org/x/sys v0.39.0 h1:CvCKL8MeisomCi6qNZ+wbb0DN9E5AATixKsvNtMoMFk=
golang.org/x/sys v0.39.0/go.mod h1:OgkHotnGiDImocRcuBABYBEXf8A9a87e/uXjp9XT3ks=
golang.org/x/telemetry v0.0.0-20251111182119-bc8e575c7b54 h1:E2/AqCUMZGgd73TQkxUMcMla25GB9i/5HOdLr+uH7Vo=
golang.org/x/telemetry v0.0.0-20251111182119-bc8e575c7b54/go.mod h1:hKdjCMrbv9skySur+Nek8Hd0uJ0GuxJIoIX2payrIdQ=
golang.org/x/term v0.38.0 h1:PQ5pkm/rLO6HnxFR7N2lJHOZX6Kez5Y1gDSJla6jo7Q=
golang.org/x/term v0.38.0/go.mod h1:bSEAKrOT1W+VSu9TSCMtoGEOUcKxOKgl3LE5QEF/xVg=
golang.org/x/text v0.32.0 h1:ZD01bjUt1FQ9WJ0ClOL5vxgxOI/sVCNgX1YtKwcY0mU=
golang.org/x/text v0.32.0/go.mod h1:o/rUWzghvpD5TXrTIBuJU77MTaN0ljMWE47kxGJQ7jY=
golang.org/x/time v0.14.0 h1:MRx4UaLrDotUKUdCIqzPC48t1Y9hANFKIRpNx+Te8PI=
golang.org/x/time v0.14.0/go.mod h1:eL/Oa2bBBK0TkX57Fyni+NgnyQQN4LitPmob2Hjnqw4=
golang.org/x/tools v0.39.0 h1:ik4ho21kwuQln40uelmciQPp9SipgNDdrafrYA4TmQQ=
golang.org/x/tools v0.39.0/go.mod h1:JnefbkDPyD8UU2kI5fuf8ZX4/yUeh9W877ZeBONxUqQ=
golang.org/x/xerrors v0.0.0-20240903120638-7835f813f4da h1:noIWHXmPHxILtqtCOPIhSt0ABwskkZKjD3bXGnZGpNY=
golang.org/x/xerrors v0.0.0-20240903120638-7835f813f4da/go.mod h1:NDW/Ps6MPRej6fsCIbMTohpP40sJ/P/vI1MoTEGwX90=
gonum.org/v1/gonum v0.16.0 h1:5+ul4Swaf3ESvrOnidPp4GZbzf0mxVQpDCYUQE7OJfk=
gonum.org/v1/gonum v0.16.0/go.mod h1:fef3am4MQ93R2HHpKnLk4/Tbh/s0+wqD5nfa6Pnwy4E=
google.golang.org/api v0.260.0 h1:XbNi5E6bOVEj/uLXQRlt6TKuEzMD7zvW/6tNwltE4P4=
google.golang.org/api v0.260.0/go.mod h1:Shj1j0Phr/9sloYrKomICzdYgsSDImpTxME8rGLaZ/o=
google.golang.org/genproto v0.0.0-20251202230838-ff82c1b0f217 h1:GvESR9BIyHUahIb0NcTum6itIWtdoglGX+rnGxm2934=
google.golang.org/genproto v0.0.0-20251202230838-ff82c1b0f217/go.mod h1:yJ2HH4EHEDTd3JiLmhds6NkJ17ITVYOdV3m3VKOnws0=
google.golang.org/genproto/googleapis/api v0.0.0-20251202230838-ff82c1b0f217 h1:fCvbg86sFXwdrl5LgVcTEvNC+2txB5mgROGmRL5mrls=
google.golang.org/genproto/googleapis/api v0.0.0-20251202230838-ff82c1b0f217/go.mod h1:+rXWjjaukWZun3mLfjmVnQi18E1AsFbDN9QdJ5YXLto=
google.golang.org/genproto/googleapis/rpc v0.0.0-20251222181119-0a764e51fe1b h1:Mv8VFug0MP9e5vUxfBcE3vUkV6CImK3cMNMIDFjmzxU=
google.golang.org/genproto/googleapis/rpc v0.0.0-20251222181119-0a764e51fe1b/go.mod h1:j9x/tPzZkyxcgEFkiKEEGxfvyumM01BEtsW8xzOahRQ=
google.golang.org/grpc v1.78.0 h1:K1XZG/yGDJnzMdd/uZHAkVqJE+xIDOcmdSFZkBUicNc=
google.golang.org/grpc v1.78.0/go.mod h1:I47qjTo4OKbMkjA/aOOwxDIiPSBofUtQUI5EfpWvW7U=
google.golang.org/protobuf v1.36.11 h1:fV6ZwhNocDyBLK0dj+fg8ektcVegBBuEolpbTQyBNVE=
google.golang.org/protobuf v1.36.11/go.mod h1:HTf+CrKn2C3g5S8VImy6tdcUvCska2kB7j23XfzDpco=
gopkg.in/check.v1 v0.0.0-20161208181325-20d25e280405/go.mod h1:Co6ibVJAznAaIkqp8huTwlJQCZ016jof/cbN4VW5Yz0=
gopkg.in/check.v1 v1.0.0-20201130134442-10cb98267c6c h1:Hei/4ADfdWqJk1ZMxUNpqntNwaWcugrBjAiHlqqRiVk=
gopkg.in/check.v1 v1.0.0-20201130134442-10cb98267c6c/go.mod h1:JHkPIbrfpd72SG/EVd6muEfDQjcINNoR0C8j2r3qZ4Q=
gopkg.in/yaml.v3 v3.0.1 h1:fxVm/GzAzEWqLHuvctI91KS9hhNmmWOoWu0XTYJS7CA=
gopkg.in/yaml.v3 v3.0.1/go.mod h1:K4uyk7z7BCEPqu6E+C64Yfv1cQ7kz7rIZviUmN+EgEM=
